dependencies:
- name: postgresql
  repository: https://charts.bitnami.com/bitnami/
  version: 10.16.2
- name: rabbitmq
  repository: https://charts.bitnami.com/bitnami
  version: 8.24.13
digest: sha256:4e2ea368a89081d6de4c6ef7c355d2f583f428cf615a24c3a27ce4f1e96858f1
generated: "2022-06-17T11:49:25.515717361+02:00"
