dependencies:
- name: postgresql
  repository: https://charts.bitnami.com/bitnami/
  version: 11.6.16
- name: rabbitmq
  repository: https://charts.bitnami.com/bitnami
  version: 10.1.14
digest: sha256:4d51f86f2300724c526e49314c13e7c59c21ea0ef367c9c014629f3d4b356a5d
generated: "2022-07-15T14:38:49.859194133+02:00"
